{
  "lockfileVersion": 1,
  "configVersion": 0,
  "workspaces": {
    "": {
      "name": "topcoat-gpui-frontend",
      "dependencies": {
        "@noble/post-quantum": "0.5.4",
      },
      "devDependencies": {
        "@playwright/test": "^1.56.0",
        "@types/node": "^22.0.0",
        "typescript": "^5.9.0",
      },
    },
  },
  "packages": {
    "@noble/curves": ["@noble/curves@2.0.1", "https://registry.npmmirror.com/@noble/curves/-/curves-2.0.1.tgz", { "dependencies": { "@noble/hashes": "2.0.1" } }, "sha512-vs1Az2OOTBiP4q0pwjW5aF0xp9n4MxVrmkFBxc6EKZc6ddYx5gaZiAsZoq0uRRXWbi3AT/sBqn05eRPtn1JCPw=="],

    "@noble/hashes": ["@noble/hashes@2.0.1", "https://registry.npmmirror.com/@noble/hashes/-/hashes-2.0.1.tgz", {}, "sha512-XlOlEbQcE9fmuXxrVTXCTlG2nlRXa9Rj3rr5Ue/+tX+nmkgbX720YHh0VR3hBF9xDvwnb8D2shVGOwNx+ulArw=="],

    "@noble/post-quantum": ["@noble/post-quantum@0.5.4", "https://registry.npmmirror.com/@noble/post-quantum/-/post-quantum-0.5.4.tgz", { "dependencies": { "@noble/curves": "~2.0.0", "@noble/hashes": "~2.0.0" } }, "sha512-leww0zzIirrvwaYMPI9fj6aRIlA/c6Y0/lifQQ1YOOyHEr0MNH3yYpjXeiVG+tWdPps4XxGclFWX2INPO3Yo5w=="],

    "@playwright/test": ["@playwright/test@1.63.0", "https://registry.npmmirror.com/@playwright/test/-/test-1.63.0.tgz", { "dependencies": { "playwright": "1.63.0" }, "bin": { "playwright": "cli.js" } }, "sha512-oxMK4vllB9RK5NQ2l1pq1IfOf2AvnEuj/vYGDj0H2nMtmtZpKtCwt/l00GEO6xjGfpBNAvjovvYdCm50dRQkpQ=="],

    "@types/node": ["@types/node@22.20.5", "https://registry.npmmirror.com/@types/node/-/node-22.20.5.tgz", { "dependencies": { "undici-types": "~6.21.0" } }, "sha512-U2+DNr+wSjpsTS/wZGYHq7GcwfuSmKiKvoPvK22zwTlRhU91yOniN4qRR5KhIjvif7ysw/dz/hKmfDH0Ris4aA=="],

    "playwright": ["playwright@1.63.0", "https://registry.npmmirror.com/playwright/-/playwright-1.63.0.tgz", { "dependencies": { "playwright-core": "1.63.0" }, "bin": "cli.js" }, "sha512-+7ziBLidS4NaNCdt57SUDT+wYmmd5fmiQejUic/kb+YsYSCPyOOE9sebzMjNmQrsnNpDJqd4WHvV/8lfKfUDUg=="],

    "playwright-core": ["playwright-core@1.63.0", "https://registry.npmmirror.com/playwright-core/-/playwright-core-1.63.0.tgz", { "bin": "cli.js" }, "sha512-rYCsBF/M5HjUch52bbtVONEFjv6Xu8sm8h72dNlR5bzIE1fvC/bxgspzkjSfU+MweEMmPM8KJebG6nnyxo5mCg=="],

    "typescript": ["typescript@5.9.3", "https://registry.npmmirror.com/typescript/-/typescript-5.9.3.tgz", { "bin": { "tsc": "bin/tsc", "tsserver": "bin/tsserver" } }, "sha512-jl1vZzPDinLr9eUt3J/t7V6FgNEw9QjvBPdysz9KfQDD41fQrC2Y4vKQdiaUpFT4bXlb1RHhLpp8wtm6M5TgSw=="],

    "undici-types": ["undici-types@6.21.0", "https://registry.npmmirror.com/undici-types/-/undici-types-6.21.0.tgz", {}, "sha512-iwDZqg0QAGrg9Rav5H4n0M64c3mkR59cJ6wQp+7C4nI0gsmExaedaYLNO44eT4AtBBwjbTiGPMlt2Md0T9H9JQ=="],
  }
}
