github.com/GetStream/getstream-go/v4 v4.0.4 h1:nkD/s42M+06eOpa4m8n38ukumqxX4LlCAEzrRU27kmw=
github.com/GetStream/getstream-go/v4 v4.0.4/go.mod h1:A5hd7TxT8nSZBWazr4403j05dqP0F8pt7vi8YAJj+9M=
github.com/golang-jwt/jwt/v5 v5.2.1 h1:OuVbFODueb089Lh128TAcimifWaLhJwVflnrgM17wHk=
github.com/golang-jwt/jwt/v5 v5.2.1/go.mod h1:pqrtFR0X4osieyHYxtmOUWsAWrfe1Q5UVIyoH402zdk=
